// !$*UTF8*$!
{
	archiveVersion = 1;
	classes = {
	};
	objectVersion = 55;
	objects = {

/* Begin PBXBuildFile section */
		27C4C968A5823AA01514D419 /* Pods_2330_PEBand.framework in Frameworks */ = {isa = PBXBuildFile; fileRef = BBB74AE1F1EEE07F0431B14F /* Pods_2330_PEBand.framework */; };
		D07350B52866F09E0061E010 /* AppDelegate.swift in Sources */ = {isa = PBXBuildFile; fileRef = D07350B42866F09E0061E010 /* AppDelegate.swift */; };
		D07350B72866F09E0061E010 /* SceneDelegate.swift in Sources */ = {isa = PBXBuildFile; fileRef = D07350B62866F09E0061E010 /* SceneDelegate.swift */; };
		D07350B92866F09E0061E010 /* ViewController.swift in Sources */ = {isa = PBXBuildFile; fileRef = D07350B82866F09E0061E010 /* ViewController.swift */; };
		D07350BC2866F09E0061E010 /* Main.storyboard in Resources */ = {isa = PBXBuildFile; fileRef = D07350BA2866F09E0061E010 /* Main.storyboard */; };
		D07350BE2866F0A00061E010 /* Assets.xcassets in Resources */ = {isa = PBXBuildFile; fileRef = D07350BD2866F0A00061E010 /* Assets.xcassets */; };
		D07350C12866F0A00061E010 /* LaunchScreen.storyboard in Resources */ = {isa = PBXBuildFile; fileRef = D07350BF2866F0A00061E010 /* LaunchScreen.storyboard */; };
		D07350C928673A0B0061E010 /* DataManager.swift in Sources */ = {isa = PBXBuildFile; fileRef = D07350C828673A0B0061E010 /* DataManager.swift */; };
		D07350CC28673F830061E010 /* DataModel.swift in Sources */ = {isa = PBXBuildFile; fileRef = D07350CB28673F830061E010 /* DataModel.swift */; };
		D07350CE286741A20061E010 /* JSONData.swift in Sources */ = {isa = PBXBuildFile; fileRef = D07350CD286741A20061E010 /* JSONData.swift */; };
/* End PBXBuildFile section */

/* Begin PBXFileReference section */
		4FCD5A6FEB6D2E9FE8A7385E /* Pods-2330_PEBand.release.xcconfig */ = {isa = PBXFileReference; includeInIndex = 1; lastKnownFileType = text.xcconfig; name = "Pods-2330_PEBand.release.xcconfig"; path = "Target Support Files/Pods-2330_PEBand/Pods-2330_PEBand.release.xcconfig"; sourceTree = "<group>"; };
		BBB74AE1F1EEE07F0431B14F /* Pods_2330_PEBand.framework */ = {isa = PBXFileReference; explicitFileType = wrapper.framework; includeInIndex = 0; path = Pods_2330_PEBand.framework; sourceTree = BUILT_PRODUCTS_DIR; };
		D07350B12866F09E0061E010 /* 2330_PEBand.app */ = {isa = PBXFileReference; explicitFileType = wrapper.application; includeInIndex = 0; path = 2330_PEBand.app; sourceTree = BUILT_PRODUCTS_DIR; };
		D07350B42866F09E0061E010 /* AppDelegate.swift */ = {isa = PBXFileReference; lastKnownFileType = sourcecode.swift; path = AppDelegate.swift; sourceTree = "<group>"; };
		D07350B62866F09E0061E010 /* SceneDelegate.swift */ = {isa = PBXFileReference; lastKnownFileType = sourcecode.swift; path = SceneDelegate.swift; sourceTree = "<group>"; };
		D07350B82866F09E0061E010 /* ViewController.swift */ = {isa = PBXFileReference; lastKnownFileType = sourcecode.swift; path = ViewController.swift; sourceTree = "<group>"; };
		D07350BB2866F09E0061E010 /* Base */ = {isa = PBXFileReference; lastKnownFileType = file.storyboard; name = Base; path = Base.lproj/Main.storyboard; sourceTree = "<group>"; };
		D07350BD2866F0A00061E010 /* Assets.xcassets */ = {isa = PBXFileReference; lastKnownFileType = folder.assetcatalog; path = Assets.xcassets; sourceTree = "<group>"; };
		D07350C02866F0A00061E010 /* Base */ = {isa = PBXFileReference; lastKnownFileType = file.storyboard; name = Base; path = Base.lproj/LaunchScreen.storyboard; sourceTree = "<group>"; };
		D07350C22866F0A00061E010 /* Info.plist */ = {isa = PBXFileReference; lastKnownFileType = text.plist.xml; path = Info.plist; sourceTree = "<group>"; };
		D07350C828673A0B0061E010 /* DataManager.swift */ = {isa = PBXFileReference; lastKnownFileType = sourcecode.swift; path = DataManager.swift; sourceTree = "<group>"; };
		D07350CB28673F830061E010 /* DataModel.swift */ = {isa = PBXFileReference; lastKnownFileType = sourcecode.swift; path = DataModel.swift; sourceTree = "<group>"; };
		D07350CD286741A20061E010 /* JSONData.swift */ = {isa = PBXFileReference; lastKnownFileType = sourcecode.swift; path = JSONData.swift; sourceTree = "<group>"; };
		DA9BC5B79026D489D1D42F49 /* Pods-2330_PEBand.debug.xcconfig */ = {isa = PBXFileReference; includeInIndex = 1; lastKnownFileType = text.xcconfig; name = "Pods-2330_PEBand.debug.xcconfig"; path = "Target Support Files/Pods-2330_PEBand/Pods-2330_PEBand.debug.xcconfig"; sourceTree = "<group>"; };
/* End PBXFileReference section */

/* Begin PBXFrameworksBuildPhase section */
		D07350AE2866F09E0061E010 /* Frameworks */ = {
			isa = PBXFrameworksBuildPhase;
			buildActionMask = 2147483647;
			files = (
				27C4C968A5823AA01514D419 /* Pods_2330_PEBand.framework in Frameworks */,
			);
			runOnlyForDeploymentPostprocessing = 0;
		};
/* End PBXFrameworksBuildPhase section */

/* Begin PBXGroup section */
		5F89507CACC285245F525F9E /* Pods */ = {
			isa = PBXGroup;
			children = (
				DA9BC5B79026D489D1D42F49 /* Pods-2330_PEBand.debug.xcconfig */,
				4FCD5A6FEB6D2E9FE8A7385E /* Pods-2330_PEBand.release.xcconfig */,
			);
			path = Pods;
			sourceTree = "<group>";
		};
		677037157F8461052C294B13 /* Frameworks */ = {
			isa = PBXGroup;
			children = (
				BBB74AE1F1EEE07F0431B14F /* Pods_2330_PEBand.framework */,
			);
			name = Frameworks;
			sourceTree = "<group>";
		};
		D07350A82866F09E0061E010 = {
			isa = PBXGroup;
			children = (
				D07350B32866F09E0061E010 /* 2330_PEBand */,
				D07350B22866F09E0061E010 /* Products */,
				5F89507CACC285245F525F9E /* Pods */,
				677037157F8461052C294B13 /* Frameworks */,
			);
			sourceTree = "<group>";
		};
		D07350B22866F09E0061E010 /* Products */ = {
			isa = PBXGroup;
			children = (
				D07350B12866F09E0061E010 /* 2330_PEBand.app */,
			);
			name = Products;
			sourceTree = "<group>";
		};
		D07350B32866F09E0061E010 /* 2330_PEBand */ = {
			isa = PBXGroup;
			children = (
				D07350CA28673F4C0061E010 /* Model */,
				D07350B42866F09E0061E010 /* AppDelegate.swift */,
				D07350B62866F09E0061E010 /* SceneDelegate.swift */,
				D07350B82866F09E0061E010 /* ViewController.swift */,
				D07350BA2866F09E0061E010 /* Main.storyboard */,
				D07350BD2866F0A00061E010 /* Assets.xcassets */,
				D07350BF2866F0A00061E010 /* LaunchScreen.storyboard */,
				D07350C22866F0A00061E010 /* Info.plist */,
			);
			path = 2330_PEBand;
			sourceTree = "<group>";
		};
		D07350CA28673F4C0061E010 /* Model */ = {
			isa = PBXGroup;
			children = (
				D07350C828673A0B0061E010 /* DataManager.swift */,
				D07350CB28673F830061E010 /* DataModel.swift */,
				D07350CD286741A20061E010 /* JSONData.swift */,
			);
			path = Model;
			sourceTree = "<group>";
		};
/* End PBXGroup section */

/* Begin PBXNativeTarget section */
		D07350B02866F09E0061E010 /* 2330_PEBand */ = {
			isa = PBXNativeTarget;
			buildConfigurationList = D07350C52866F0A00061E010 /* Build configuration list for PBXNativeTarget "2330_PEBand" */;
			buildPhases = (
				A2530DCD23724B3E7A9699D8 /* [CP] Check Pods Manifest.lock */,
				D07350AD2866F09E0061E010 /* Sources */,
				D07350AE2866F09E0061E010 /* Frameworks */,
				D07350AF2866F09E0061E010 /* Resources */,
				963C73B3C3952A7DE6D9527E /* [CP] Embed Pods Frameworks */,
			);
			buildRules = (
			);
			dependencies = (
			);
			name = 2330_PEBand;
			productName = 2330_PEBand;
			productReference = D07350B12866F09E0061E010 /* 2330_PEBand.app */;
			productType = "com.apple.product-type.application";
		};
/* End PBXNativeTarget section */

/* Begin PBXProject section */
		D07350A92866F09E0061E010 /* Project object */ = {
			isa = PBXProject;
			attributes = {
				BuildIndependentTargetsInParallel = 1;
				LastSwiftUpdateCheck = 1340;
				LastUpgradeCheck = 1340;
				TargetAttributes = {
					D07350B02866F09E0061E010 = {
						CreatedOnToolsVersion = 13.4.1;
					};
				};
			};
			buildConfigurationList = D07350AC2866F09E0061E010 /* Build configuration list for PBXProject "2330_PEBand" */;
			compatibilityVersion = "Xcode 13.0";
			developmentRegion = en;
			hasScannedForEncodings = 0;
			knownRegions = (
				en,
				Base,
			);
			mainGroup = D07350A82866F09E0061E010;
			productRefGroup = D07350B22866F09E0061E010 /* Products */;
			projectDirPath = "";
			projectRoot = "";
			targets = (
				D07350B02866F09E0061E010 /* 2330_PEBand */,
			);
		};
/* End PBXProject section */

/* Begin PBXResourcesBuildPhase section */
		D07350AF2866F09E0061E010 /* Resources */ = {
			isa = PBXResourcesBuildPhase;
			buildActionMask = 2147483647;
			files = (
				D07350C12866F0A00061E010 /* LaunchScreen.storyboard in Resources */,
				D07350BE2866F0A00061E010 /* Assets.xcassets in Resources */,
				D07350BC2866F09E0061E010 /* Main.storyboard in Resources */,
			);
			runOnlyForDeploymentPostprocessing = 0;
		};
/* End PBXResourcesBuildPhase section */

/* Begin PBXShellScriptBuildPhase section */
		963C73B3C3952A7DE6D9527E /* [CP] Embed Pods Frameworks */ = {
			isa = PBXShellScriptBuildPhase;
			buildActionMask = 2147483647;
			files = (
			);
			inputFileListPaths = (
				"${PODS_ROOT}/Target Support Files/Pods-2330_PEBand/Pods-2330_PEBand-frameworks-${CONFIGURATION}-input-files.xcfilelist",
			);
			name = "[CP] Embed Pods Frameworks";
			outputFileListPaths = (
				"${PODS_ROOT}/Target Support Files/Pods-2330_PEBand/Pods-2330_PEBand-frameworks-${CONFIGURATION}-output-files.xcfilelist",
			);
			runOnlyForDeploymentPostprocessing = 0;
			shellPath = /bin/sh;
			shellScript = "\"${PODS_ROOT}/Target Support Files/Pods-2330_PEBand/Pods-2330_PEBand-frameworks.sh\"\n";
			showEnvVarsInLog = 0;
		};
		A2530DCD23724B3E7A9699D8 /* [CP] Check Pods Manifest.lock */ = {
			isa = PBXShellScriptBuildPhase;
			buildActionMask = 2147483647;
			files = (
			);
			inputFileListPaths = (
			);
			inputPaths = (
				"${PODS_PODFILE_DIR_PATH}/Podfile.lock",
				"${PODS_ROOT}/Manifest.lock",
			);
			name = "[CP] Check Pods Manifest.lock";
			outputFileListPaths = (
			);
			outputPaths = (
				"$(DERIVED_FILE_DIR)/Pods-2330_PEBand-checkManifestLockResult.txt",
			);
			runOnlyForDeploymentPostprocessing = 0;
			shellPath = /bin/sh;
			shellScript = "diff \"${PODS_PODFILE_DIR_PATH}/Podfile.lock\" \"${PODS_ROOT}/Manifest.lock\" > /dev/null\nif [ $? != 0 ] ; then\n    # print error to STDERR\n    echo \"error: The sandbox is not in sync with the Podfile.lock. Run 'pod install' or update your CocoaPods installation.\" >&2\n    exit 1\nfi\n# This output is used by Xcode 'outputs' to avoid re-running this script phase.\necho \"SUCCESS\" > \"${SCRIPT_OUTPUT_FILE_0}\"\n";
			showEnvVarsInLog = 0;
		};
/* End PBXShellScriptBuildPhase section */

/* Begin PBXSourcesBuildPhase section */
		D07350AD2866F09E0061E010 /* Sources */ = {
			isa = PBXSourcesBuildPhase;
			buildActionMask = 2147483647;
			files = (
				D07350CC28673F830061E010 /* DataModel.swift in Sources */,
				D07350B92866F09E0061E010 /* ViewController.swift in Sources */,
				D07350C928673A0B0061E010 /* DataManager.swift in Sources */,
				D07350CE286741A20061E010 /* JSONData.swift in Sources */,
				D07350B52866F09E0061E010 /* AppDelegate.swift in Sources */,
				D07350B72866F09E0061E010 /* SceneDelegate.swift in Sources */,
			);
			runOnlyForDeploymentPostprocessing = 0;
		};
/* End PBXSourcesBuildPhase section */

/* Begin PBXVariantGroup section */
		D07350BA2866F09E0061E010 /* Main.storyboard */ = {
			isa = PBXVariantGroup;
			children = (
				D07350BB2866F09E0061E010 /* Base */,
			);
			name = Main.storyboard;
			sourceTree = "<group>";
		};
		D07350BF2866F0A00061E010 /* LaunchScreen.storyboard */ = {
			isa = PBXVariantGroup;
			children = (
				D07350C02866F0A00061E010 /* Base */,
			);
			name = LaunchScreen.storyboard;
			sourceTree = "<group>";
		};
/* End PBXVariantGroup section */

/* Begin XCBuildConfiguration section */
		D07350C32866F0A00061E010 /* Debug */ = {
			isa = XCBuildConfiguration;
			buildSettings = {
				ALWAYS_SEARCH_USER_PATHS = NO;
				CLANG_ANALYZER_NONNULL = YES;
				CLANG_ANALYZER_NUMBER_OBJECT_CONVERSION = YES_AGGRESSIVE;
				CLANG_CXX_LANGUAGE_STANDARD = "gnu++17";
				CLANG_ENABLE_MODULES = YES;
				CLANG_ENABLE_OBJC_ARC = YES;
				CLANG_ENABLE_OBJC_WEAK = YES;
				CLANG_WARN_BLOCK_CAPTURE_AUTORELEASING = YES;
				CLANG_WARN_BOOL_CONVERSION = YES;
				CLANG_WARN_COMMA = YES;
				CLANG_WARN_CONSTANT_CONVERSION = YES;
				CLANG_WARN_DEPRECATED_OBJC_IMPLEMENTATIONS = YES;
				CLANG_WARN_DIRECT_OBJC_ISA_USAGE = YES_ERROR;
				CLANG_WARN_DOCUMENTATION_COMMENTS = YES;
				CLANG_WARN_EMPTY_BODY = YES;
				CLANG_WARN_ENUM_CONVERSION = YES;
				CLANG_WARN_INFINITE_RECURSION = YES;
				CLANG_WARN_INT_CONVERSION = YES;
				CLANG_WARN_NON_LITERAL_NULL_CONVERSION = YES;
				CLANG_WARN_OBJC_IMPLICIT_RETAIN_SELF = YES;
				CLANG_WARN_OBJC_LITERAL_CONVERSION = YES;
				CLANG_WARN_OBJC_ROOT_CLASS = YES_ERROR;
				CLANG_WARN_QUOTED_INCLUDE_IN_FRAMEWORK_HEADER = YES;
				CLANG_WARN_RANGE_LOOP_ANALYSIS = YES;
				CLANG_WARN_STRICT_PROTOTYPES = YES;
				CLANG_WARN_SUSPICIOUS_MOVE = YES;
				CLANG_WARN_UNGUARDED_AVAILABILITY = YES_AGGRESSIVE;
				CLANG_WARN_UNREACHABLE_CODE = YES;
				CLANG_WARN__DUPLICATE_METHOD_MATCH = YES;
				COPY_PHASE_STRIP = NO;
				DEBUG_INFORMATION_FORMAT = dwarf;
				ENABLE_STRICT_OBJC_MSGSEND = YES;
				ENABLE_TESTABILITY = YES;
				GCC_C_LANGUAGE_STANDARD = gnu11;
				GCC_DYNAMIC_NO_PIC = NO;
				GCC_NO_COMMON_BLOCKS = YES;
				GCC_OPTIMIZATION_LEVEL = 0;
				GCC_PREPROCESSOR_DEFINITIONS = (
					"DEBUG=1",
					"$(inherited)",
				);
				GCC_WARN_64_TO_32_BIT_CONVERSION = YES;
				GCC_WARN_ABOUT_RETURN_TYPE = YES_ERROR;
				GCC_WARN_UNDECLARED_SELECTOR = YES;
				GCC_WARN_UNINITIALIZED_AUTOS = YES_AGGRESSIVE;
				GCC_WARN_UNUSED_FUNCTION = YES;
				GCC_WARN_UNUSED_VARIABLE = YES;
				IPHONEOS_DEPLOYMENT_TARGET = 15.5;
				MTL_ENABLE_DEBUG_INFO = INCLUDE_SOURCE;
				MTL_FAST_MATH = YES;
				ONLY_ACTIVE_ARCH = YES;
				SDKROOT = iphoneos;
				SWIFT_ACTIVE_COMPILATION_CONDITIONS = DEBUG;
				SWIFT_OPTIMIZATION_LEVEL = "-Onone";
			};
			name = Debug;
		};
		D07350C42866F0A00061E010 /* Release */ = {
			isa = XCBuildConfiguration;
			buildSettings = {
				ALWAYS_SEARCH_USER_PATHS = NO;
				CLANG_ANALYZER_NONNULL = YES;
				CLANG_ANALYZER_NUMBER_OBJECT_CONVERSION = YES_AGGRESSIVE;
				CLANG_CXX_LANGUAGE_STANDARD = "gnu++17";
				CLANG_ENABLE_MODULES = YES;
				CLANG_ENABLE_OBJC_ARC = YES;
				CLANG_ENABLE_OBJC_WEAK = YES;
				CLANG_WARN_BLOCK_CAPTURE_AUTORELEASING = YES;
				CLANG_WARN_BOOL_CONVERSION = YES;
				CLANG_WARN_COMMA = YES;
				CLANG_WARN_CONSTANT_CONVERSION = YES;
				CLANG_WARN_DEPRECATED_OBJC_IMPLEMENTATIONS = YES;
				CLANG_WARN_DIRECT_OBJC_ISA_USAGE = YES_ERROR;
				CLANG_WARN_DOCUMENTATION_COMMENTS = YES;
				CLANG_WARN_EMPTY_BODY = YES;
				CLANG_WARN_ENUM_CONVERSION = YES;
				CLANG_WARN_INFINITE_RECURSION = YES;
				CLANG_WARN_INT_CONVERSION = YES;
				CLANG_WARN_NON_LITERAL_NULL_CONVERSION = YES;
				CLANG_WARN_OBJC_IMPLICIT_RETAIN_SELF = YES;
				CLANG_WARN_OBJC_LITERAL_CONVERSION = YES;
				CLANG_WARN_OBJC_ROOT_CLASS = YES_ERROR;
				CLANG_WARN_QUOTED_INCLUDE_IN_FRAMEWORK_HEADER = YES;
				CLANG_WARN_RANGE_LOOP_ANALYSIS = YES;
				CLANG_WARN_STRICT_PROTOTYPES = YES;
				CLANG_WARN_SUSPICIOUS_MOVE = YES;
				CLANG_WARN_UNGUARDED_AVAILABILITY = YES_AGGRESSIVE;
				CLANG_WARN_UNREACHABLE_CODE = YES;
				CLANG_WARN__DUPLICATE_METHOD_MATCH = YES;
				COPY_PHASE_STRIP = NO;
				DEBUG_INFORMATION_FORMAT = "dwarf-with-dsym";
				ENABLE_NS_ASSERTIONS = NO;
				ENABLE_STRICT_OBJC_MSGSEND = YES;
				GCC_C_LANGUAGE_STANDARD = gnu11;
				GCC_NO_COMMON_BLOCKS = YES;
				GCC_WARN_64_TO_32_BIT_CONVERSION = YES;
				GCC_WARN_ABOUT_RETURN_TYPE = YES_ERROR;
				GCC_WARN_UNDECLARED_SELECTOR = YES;
				GCC_WARN_UNINITIALIZED_AUTOS = YES_AGGRESSIVE;
				GCC_WARN_UNUSED_FUNCTION = YES;
				GCC_WARN_UNUSED_VARIABLE = YES;
				IPHONEOS_DEPLOYMENT_TARGET = 15.5;
				MTL_ENABLE_DEBUG_INFO = NO;
				MTL_FAST_MATH = YES;
				SDKROOT = iphoneos;
				SWIFT_COMPILATION_MODE = wholemodule;
				SWIFT_OPTIMIZATION_LEVEL = "-O";
				VALIDATE_PRODUCT = YES;
			};
			name = Release;
		};
		D07350C62866F0A00061E010 /* Debug */ = {
			isa = XCBuildConfiguration;
			baseConfigurationReference = DA9BC5B79026D489D1D42F49 /* Pods-2330_PEBand.debug.xcconfig */;
			buildSettings = {
				ASSETCATALOG_COMPILER_APPICON_NAME = AppIcon;
				ASSETCATALOG_COMPILER_GLOBAL_ACCENT_COLOR_NAME = AccentColor;
				CODE_SIGN_STYLE = Automatic;
				CURRENT_PROJECT_VERSION = 1;
				DEVELOPMENT_TEAM = LFC69BH633;
				GENERATE_INFOPLIST_FILE = YES;
				INFOPLIST_FILE = 2330_PEBand/Info.plist;
				INFOPLIST_KEY_UIApplicationSupportsIndirectInputEvents = YES;
				INFOPLIST_KEY_UILaunchStoryboardName = LaunchScreen;
				INFOPLIST_KEY_UIMainStoryboardFile = Main;
				INFOPLIST_KEY_UISupportedInterfaceOrientations_iPad = "UIInterfaceOrientationPortrait UIInterfaceOrientationPortraitUpsideDown UIInterfaceOrientationLandscapeLeft UIInterfaceOrientationLandscapeRight";
				INFOPLIST_KEY_UISupportedInterfaceOrientations_iPhone = "UIInterfaceOrientationPortrait UIInterfaceOrientationLandscapeLeft UIInterfaceOrientationLandscapeRight";
				LD_RUNPATH_SEARCH_PATHS = (
					"$(inherited)",
					"@executable_path/Frameworks",
				);
				MARKETING_VERSION = 1.0;
				PRODUCT_BUNDLE_IDENTIFIER = "com.justintsai.-330-PEBand";
				PRODUCT_NAME = "$(TARGET_NAME)";
				SWIFT_EMIT_LOC_STRINGS = YES;
				SWIFT_VERSION = 5.0;
				TARGETED_DEVICE_FAMILY = "1,2";
			};
			name = Debug;
		};
		D07350C72866F0A00061E010 /* Release */ = {
			isa = XCBuildConfiguration;
			baseConfigurationReference = 4FCD5A6FEB6D2E9FE8A7385E /* Pods-2330_PEBand.release.xcconfig */;
			buildSettings = {
				ASSETCATALOG_COMPILER_APPICON_NAME = AppIcon;
				ASSETCATALOG_COMPILER_GLOBAL_ACCENT_COLOR_NAME = AccentColor;
				CODE_SIGN_STYLE = Automatic;
				CURRENT_PROJECT_VERSION = 1;
				DEVELOPMENT_TEAM = LFC69BH633;
				GENERATE_INFOPLIST_FILE = YES;
				INFOPLIST_FILE = 2330_PEBand/Info.plist;
				INFOPLIST_KEY_UIApplicationSupportsIndirectInputEvents = YES;
				INFOPLIST_KEY_UILaunchStoryboardName = LaunchScreen;
				INFOPLIST_KEY_UIMainStoryboardFile = Main;
				INFOPLIST_KEY_UISupportedInterfaceOrientations_iPad = "UIInterfaceOrientationPortrait UIInterfaceOrientationPortraitUpsideDown UIInterfaceOrientationLandscapeLeft UIInterfaceOrientationLandscapeRight";
				INFOPLIST_KEY_UISupportedInterfaceOrientations_iPhone = "UIInterfaceOrientationPortrait UIInterfaceOrientationLandscapeLeft UIInterfaceOrientationLandscapeRight";
				LD_RUNPATH_SEARCH_PATHS = (
					"$(inherited)",
					"@executable_path/Frameworks",
				);
				MARKETING_VERSION = 1.0;
				PRODUCT_BUNDLE_IDENTIFIER = "com.justintsai.-330-PEBand";
				PRODUCT_NAME = "$(TARGET_NAME)";
				SWIFT_EMIT_LOC_STRINGS = YES;
				SWIFT_VERSION = 5.0;
				TARGETED_DEVICE_FAMILY = "1,2";
			};
			name = Release;
		};
/* End XCBuildConfiguration section */

/* Begin XCConfigurationList section */
		D07350AC2866F09E0061E010 /* Build configuration list for PBXProject "2330_PEBand" */ = {
			isa = XCConfigurationList;
			buildConfigurations = (
				D07350C32866F0A00061E010 /* Debug */,
				D07350C42866F0A00061E010 /* Release */,
			);
			defaultConfigurationIsVisible = 0;
			defaultConfigurationName = Release;
		};
		D07350C52866F0A00061E010 /* Build configuration list for PBXNativeTarget "2330_PEBand" */ = {
			isa = XCConfigurationList;
			buildConfigurations = (
				D07350C62866F0A00061E010 /* Debug */,
				D07350C72866F0A00061E010 /* Release */,
			);
			defaultConfigurationIsVisible = 0;
			defaultConfigurationName = Release;
		};
/* End XCConfigurationList section */
	};
	rootObject = D07350A92866F09E0061E010 /* Project object */;
}
